{
  "name": "Youtube Clone",
  "lockfileVersion": 3,
  "requires": true,
  "packages": {
    "": {
      "dependencies": {
        "remixicon": "^3.4.0"
      }
    },
    "node_modules/remixicon": {
      "version": "3.4.0",
      "resolved": "https://registry.npmjs.org/remixicon/-/remixicon-3.4.0.tgz",
      "integrity": "sha512-T1tJfMVNbmUIYdsrCJ//FOoQ/xgiWPuE3ZZvUeDRl5h/IZWKN2eTcKeUoro1g5aeJ/Rk1mZV6QPdF8qZxIu+3A=="
    }
  }
}
